// !$*UTF8*$!
{
	archiveVersion = 1;
	classes = {
	};
	objectVersion = 56;
	objects = {

/* Begin PBXBuildFile section */
		B65B16E22D003C3E0083440D /* Commit.swift in Sources */ = {isa = PBXBuildFile; fileRef = B65B16E12D003C3E0083440D /* Commit.swift */; };
		B65B16E42D003E280083440D /* Project.swift in Sources */ = {isa = PBXBuildFile; fileRef = B65B16E32D003E280083440D /* Project.swift */; };
		B65B16E82D003F850083440D /* GraphSchemaV1.swift in Sources */ = {isa = PBXBuildFile; fileRef = B65B16E72D003F850083440D /* GraphSchemaV1.swift */; };
		B65B16ED2D018E8A0083440D /* ProjectsView.swift in Sources */ = {isa = PBXBuildFile; fileRef = B65B16EC2D018E8A0083440D /* ProjectsView.swift */; };
		B65B16EF2D018EAF0083440D /* TodosView.swift in Sources */ = {isa = PBXBuildFile; fileRef = B65B16EE2D018EAF0083440D /* TodosView.swift */; };
		B65B16F12D02E6540083440D /* ProjectView.swift in Sources */ = {isa = PBXBuildFile; fileRef = B65B16F02D02E6540083440D /* ProjectView.swift */; };
		B65B16F42D02EACA0083440D /* ColorConstants.swift in Sources */ = {isa = PBXBuildFile; fileRef = B65B16F32D02EACA0083440D /* ColorConstants.swift */; };
		B65B16F62D0552F20083440D /* PreviewContainer.swift in Sources */ = {isa = PBXBuildFile; fileRef = B65B16F52D0552F20083440D /* PreviewContainer.swift */; };
		B65B16F82D055F770083440D /* DateExtension.swift in Sources */ = {isa = PBXBuildFile; fileRef = B65B16F72D055F770083440D /* DateExtension.swift */; };
		B65B16FC2D056B5E0083440D /* ContributionGridView.swift in Sources */ = {isa = PBXBuildFile; fileRef = B65B16FB2D056B5E0083440D /* ContributionGridView.swift */; };
		B65B17022D0828040083440D /* RakuAPIManager.swift in Sources */ = {isa = PBXBuildFile; fileRef = B65B17012D0828040083440D /* RakuAPIManager.swift */; };
		B65B17042D082B310083440D /* RakuAPIManagerTests.swift in Sources */ = {isa = PBXBuildFile; fileRef = B65B17032D082B310083440D /* RakuAPIManagerTests.swift */; };
		B65B17062D0847030083440D /* DaySquare.swift in Sources */ = {isa = PBXBuildFile; fileRef = B65B17052D0847030083440D /* DaySquare.swift */; };
		B65B17082D09A85A0083440D /* tester.swift in Sources */ = {isa = PBXBuildFile; fileRef = B65B17072D09A85A0083440D /* tester.swift */; };
		B65B170A2D0C4B420083440D /* CreateProjectSheetView.swift in Sources */ = {isa = PBXBuildFile; fileRef = B65B17092D0C4B420083440D /* CreateProjectSheetView.swift */; };
		B65B17122D0C53710083440D /* ColorUtils.swift in Sources */ = {isa = PBXBuildFile; fileRef = B65B17112D0C53710083440D /* ColorUtils.swift */; };
		B65B17142D1414390083440D /* CommitEditorView.swift in Sources */ = {isa = PBXBuildFile; fileRef = B65B17132D1414390083440D /* CommitEditorView.swift */; };
		B6F0690D2D003594003FBCF3 /* rakuApp.swift in Sources */ = {isa = PBXBuildFile; fileRef = B6F0690C2D003594003FBCF3 /* rakuApp.swift */; };
		B6F0690F2D003594003FBCF3 /* ContentView.swift in Sources */ = {isa = PBXBuildFile; fileRef = B6F0690E2D003594003FBCF3 /* ContentView.swift */; };
		B6F069132D003595003FBCF3 /* Assets.xcassets in Resources */ = {isa = PBXBuildFile; fileRef = B6F069122D003595003FBCF3 /* Assets.xcassets */; };
		B6F069172D003595003FBCF3 /* Preview Assets.xcassets in Resources */ = {isa = PBXBuildFile; fileRef = B6F069162D003595003FBCF3 /* Preview Assets.xcassets */; };
		B6F069212D003596003FBCF3 /* rakuTests.swift in Sources */ = {isa = PBXBuildFile; fileRef = B6F069202D003596003FBCF3 /* rakuTests.swift */; };
		B6F0692B2D003596003FBCF3 /* rakuUITests.swift in Sources */ = {isa = PBXBuildFile; fileRef = B6F0692A2D003596003FBCF3 /* rakuUITests.swift */; };
		B6F0692D2D003596003FBCF3 /* rakuUITestsLaunchTests.swift in Sources */ = {isa = PBXBuildFile; fileRef = B6F0692C2D003596003FBCF3 /* rakuUITestsLaunchTests.swift */; };
/* End PBXBuildFile section */

/* Begin PBXContainerItemProxy section */
		B6F0691D2D003596003FBCF3 /* PBXContainerItemProxy */ = {
			isa = PBXContainerItemProxy;
			containerPortal = B6F069012D003594003FBCF3 /* Project object */;
			proxyType = 1;
			remoteGlobalIDString = B6F069082D003594003FBCF3;
			remoteInfo = raku;
		};
		B6F069272D003596003FBCF3 /* PBXContainerItemProxy */ = {
			isa = PBXContainerItemProxy;
			containerPortal = B6F069012D003594003FBCF3 /* Project object */;
			proxyType = 1;
			remoteGlobalIDString = B6F069082D003594003FBCF3;
			remoteInfo = raku;
		};
/* End PBXContainerItemProxy section */

/* Begin PBXFileReference section */
		B65B16E12D003C3E0083440D /* Commit.swift */ = {isa = PBXFileReference; lastKnownFileType = sourcecode.swift; path = Commit.swift; sourceTree = "<group>"; };
		B65B16E32D003E280083440D /* Project.swift */ = {isa = PBXFileReference; lastKnownFileType = sourcecode.swift; path = Project.swift; sourceTree = "<group>"; };
		B65B16E72D003F850083440D /* GraphSchemaV1.swift */ = {isa = PBXFileReference; lastKnownFileType = sourcecode.swift; path = GraphSchemaV1.swift; sourceTree = "<group>"; };
		B65B16EC2D018E8A0083440D /* ProjectsView.swift */ = {isa = PBXFileReference; lastKnownFileType = sourcecode.swift; path = ProjectsView.swift; sourceTree = "<group>"; };
		B65B16EE2D018EAF0083440D /* TodosView.swift */ = {isa = PBXFileReference; lastKnownFileType = sourcecode.swift; path = TodosView.swift; sourceTree = "<group>"; };
		B65B16F02D02E6540083440D /* ProjectView.swift */ = {isa = PBXFileReference; lastKnownFileType = sourcecode.swift; path = ProjectView.swift; sourceTree = "<group>"; };
		B65B16F32D02EACA0083440D /* ColorConstants.swift */ = {isa = PBXFileReference; lastKnownFileType = sourcecode.swift; path = ColorConstants.swift; sourceTree = "<group>"; };
		B65B16F52D0552F20083440D /* PreviewContainer.swift */ = {isa = PBXFileReference; lastKnownFileType = sourcecode.swift; path = PreviewContainer.swift; sourceTree = "<group>"; };
		B65B16F72D055F770083440D /* DateExtension.swift */ = {isa = PBXFileReference; lastKnownFileType = sourcecode.swift; path = DateExtension.swift; sourceTree = "<group>"; };
		B65B16FB2D056B5E0083440D /* ContributionGridView.swift */ = {isa = PBXFileReference; lastKnownFileType = sourcecode.swift; path = ContributionGridView.swift; sourceTree = "<group>"; };
		B65B17012D0828040083440D /* RakuAPIManager.swift */ = {isa = PBXFileReference; lastKnownFileType = sourcecode.swift; path = RakuAPIManager.swift; sourceTree = "<group>"; };
		B65B17032D082B310083440D /* RakuAPIManagerTests.swift */ = {isa = PBXFileReference; lastKnownFileType = sourcecode.swift; path = RakuAPIManagerTests.swift; sourceTree = "<group>"; };
		B65B17052D0847030083440D /* DaySquare.swift */ = {isa = PBXFileReference; lastKnownFileType = sourcecode.swift; path = DaySquare.swift; sourceTree = "<group>"; };
		B65B17072D09A85A0083440D /* tester.swift */ = {isa = PBXFileReference; lastKnownFileType = sourcecode.swift; path = tester.swift; sourceTree = "<group>"; };
		B65B17092D0C4B420083440D /* CreateProjectSheetView.swift */ = {isa = PBXFileReference; lastKnownFileType = sourcecode.swift; path = CreateProjectSheetView.swift; sourceTree = "<group>"; };
		B65B17112D0C53710083440D /* ColorUtils.swift */ = {isa = PBXFileReference; lastKnownFileType = sourcecode.swift; path = ColorUtils.swift; sourceTree = "<group>"; };
		B65B17132D1414390083440D /* CommitEditorView.swift */ = {isa = PBXFileReference; lastKnownFileType = sourcecode.swift; path = CommitEditorView.swift; sourceTree = "<group>"; };
		B6F069092D003594003FBCF3 /* raku.app */ = {isa = PBXFileReference; explicitFileType = wrapper.application; includeInIndex = 0; path = raku.app; sourceTree = BUILT_PRODUCTS_DIR; };
		B6F0690C2D003594003FBCF3 /* rakuApp.swift */ = {isa = PBXFileReference; lastKnownFileType = sourcecode.swift; path = rakuApp.swift; sourceTree = "<group>"; };
		B6F0690E2D003594003FBCF3 /* ContentView.swift */ = {isa = PBXFileReference; lastKnownFileType = sourcecode.swift; path = ContentView.swift; sourceTree = "<group>"; };
		B6F069122D003595003FBCF3 /* Assets.xcassets */ = {isa = PBXFileReference; lastKnownFileType = folder.assetcatalog; path = Assets.xcassets; sourceTree = "<group>"; };
		B6F069142D003595003FBCF3 /* raku.entitlements */ = {isa = PBXFileReference; lastKnownFileType = text.plist.entitlements; path = raku.entitlements; sourceTree = "<group>"; };
		B6F069162D003595003FBCF3 /* Preview Assets.xcassets */ = {isa = PBXFileReference; lastKnownFileType = folder.assetcatalog; path = "Preview Assets.xcassets"; sourceTree = "<group>"; };
		B6F0691C2D003596003FBCF3 /* rakuTests.xctest */ = {isa = PBXFileReference; explicitFileType = wrapper.cfbundle; includeInIndex = 0; path = rakuTests.xctest; sourceTree = BUILT_PRODUCTS_DIR; };
		B6F069202D003596003FBCF3 /* rakuTests.swift */ = {isa = PBXFileReference; lastKnownFileType = sourcecode.swift; path = rakuTests.swift; sourceTree = "<group>"; };
		B6F069262D003596003FBCF3 /* rakuUITests.xctest */ = {isa = PBXFileReference; explicitFileType = wrapper.cfbundle; includeInIndex = 0; path = rakuUITests.xctest; sourceTree = BUILT_PRODUCTS_DIR; };
		B6F0692A2D003596003FBCF3 /* rakuUITests.swift */ = {isa = PBXFileReference; lastKnownFileType = sourcecode.swift; path = rakuUITests.swift; sourceTree = "<group>"; };
		B6F0692C2D003596003FBCF3 /* rakuUITestsLaunchTests.swift */ = {isa = PBXFileReference; lastKnownFileType = sourcecode.swift; path = rakuUITestsLaunchTests.swift; sourceTree = "<group>"; };
/* End PBXFileReference section */

/* Begin PBXFrameworksBuildPhase section */
		B6F069062D003594003FBCF3 /* Frameworks */ = {
			isa = PBXFrameworksBuildPhase;
			buildActionMask = 2147483647;
			files = (
			);
			runOnlyForDeploymentPostprocessing = 0;
		};
		B6F069192D003596003FBCF3 /* Frameworks */ = {
			isa = PBXFrameworksBuildPhase;
			buildActionMask = 2147483647;
			files = (
			);
			runOnlyForDeploymentPostprocessing = 0;
		};
		B6F069232D003596003FBCF3 /* Frameworks */ = {
			isa = PBXFrameworksBuildPhase;
			buildActionMask = 2147483647;
			files = (
			);
			runOnlyForDeploymentPostprocessing = 0;
		};
/* End PBXFrameworksBuildPhase section */

/* Begin PBXGroup section */
		B65B16E02D003BED0083440D /* models */ = {
			isa = PBXGroup;
			children = (
				B65B16E62D003F690083440D /* schemas */,
				B65B16E52D003F610083440D /* migrations */,
				B65B16E12D003C3E0083440D /* Commit.swift */,
				B65B16E32D003E280083440D /* Project.swift */,
				B65B16F52D0552F20083440D /* PreviewContainer.swift */,
			);
			path = models;
			sourceTree = "<group>";
		};
		B65B16E52D003F610083440D /* migrations */ = {
			isa = PBXGroup;
			children = (
			);
			path = migrations;
			sourceTree = "<group>";
		};
		B65B16E62D003F690083440D /* schemas */ = {
			isa = PBXGroup;
			children = (
				B65B16E72D003F850083440D /* GraphSchemaV1.swift */,
			);
			path = schemas;
			sourceTree = "<group>";
		};
		B65B16E92D00496A0083440D /* views */ = {
			isa = PBXGroup;
			children = (
				B65B16FA2D056B520083440D /* components */,
				B65B16EC2D018E8A0083440D /* ProjectsView.swift */,
				B65B16EE2D018EAF0083440D /* TodosView.swift */,
				B65B16F02D02E6540083440D /* ProjectView.swift */,
				B65B17072D09A85A0083440D /* tester.swift */,
			);
			path = views;
			sourceTree = "<group>";
		};
		B65B16F22D02EA7E0083440D /* constants */ = {
			isa = PBXGroup;
			children = (
				B65B16F32D02EACA0083440D /* ColorConstants.swift */,
			);
			path = constants;
			sourceTree = "<group>";
		};
		B65B16F92D055FA00083440D /* extensions */ = {
			isa = PBXGroup;
			children = (
				B65B16F72D055F770083440D /* DateExtension.swift */,
			);
			path = extensions;
			sourceTree = "<group>";
		};
		B65B16FA2D056B520083440D /* components */ = {
			isa = PBXGroup;
			children = (
				B65B16FB2D056B5E0083440D /* ContributionGridView.swift */,
				B65B17052D0847030083440D /* DaySquare.swift */,
				B65B17092D0C4B420083440D /* CreateProjectSheetView.swift */,
				B65B17132D1414390083440D /* CommitEditorView.swift */,
			);
			path = components;
			sourceTree = "<group>";
		};
		B65B17002D08278E0083440D /* api */ = {
			isa = PBXGroup;
			children = (
				B65B17012D0828040083440D /* RakuAPIManager.swift */,
			);
			path = api;
			sourceTree = "<group>";
		};
		B65B170B2D0C51DC0083440D /* logic */ = {
			isa = PBXGroup;
			children = (
			);
			path = logic;
			sourceTree = "<group>";
		};
		B65B17102D0C53380083440D /* utils */ = {
			isa = PBXGroup;
			children = (
				B65B17112D0C53710083440D /* ColorUtils.swift */,
			);
			path = utils;
			sourceTree = "<group>";
		};
		B6F069002D003594003FBCF3 = {
			isa = PBXGroup;
			children = (
				B6F0690B2D003594003FBCF3 /* raku */,
				B6F0691F2D003596003FBCF3 /* rakuTests */,
				B6F069292D003596003FBCF3 /* rakuUITests */,
				B6F0690A2D003594003FBCF3 /* Products */,
			);
			sourceTree = "<group>";
		};
		B6F0690A2D003594003FBCF3 /* Products */ = {
			isa = PBXGroup;
			children = (
				B6F069092D003594003FBCF3 /* raku.app */,
				B6F0691C2D003596003FBCF3 /* rakuTests.xctest */,
				B6F069262D003596003FBCF3 /* rakuUITests.xctest */,
			);
			name = Products;
			sourceTree = "<group>";
		};
		B6F0690B2D003594003FBCF3 /* raku */ = {
			isa = PBXGroup;
			children = (
				B65B17102D0C53380083440D /* utils */,
				B65B170B2D0C51DC0083440D /* logic */,
				B65B17002D08278E0083440D /* api */,
				B65B16F92D055FA00083440D /* extensions */,
				B65B16F22D02EA7E0083440D /* constants */,
				B65B16E02D003BED0083440D /* models */,
				B6F0690C2D003594003FBCF3 /* rakuApp.swift */,
				B6F0690E2D003594003FBCF3 /* ContentView.swift */,
				B65B16E92D00496A0083440D /* views */,
				B6F069122D003595003FBCF3 /* Assets.xcassets */,
				B6F069142D003595003FBCF3 /* raku.entitlements */,
				B6F069152D003595003FBCF3 /* Preview Content */,
			);
			path = raku;
			sourceTree = "<group>";
		};
		B6F069152D003595003FBCF3 /* Preview Content */ = {
			isa = PBXGroup;
			children = (
				B6F069162D003595003FBCF3 /* Preview Assets.xcassets */,
			);
			path = "Preview Content";
			sourceTree = "<group>";
		};
		B6F0691F2D003596003FBCF3 /* rakuTests */ = {
			isa = PBXGroup;
			children = (
				B6F069202D003596003FBCF3 /* rakuTests.swift */,
				B65B17032D082B310083440D /* RakuAPIManagerTests.swift */,
			);
			path = rakuTests;
			sourceTree = "<group>";
		};
		B6F069292D003596003FBCF3 /* rakuUITests */ = {
			isa = PBXGroup;
			children = (
				B6F0692A2D003596003FBCF3 /* rakuUITests.swift */,
				B6F0692C2D003596003FBCF3 /* rakuUITestsLaunchTests.swift */,
			);
			path = rakuUITests;
			sourceTree = "<group>";
		};
/* End PBXGroup section */

/* Begin PBXNativeTarget section */
		B6F069082D003594003FBCF3 /* raku */ = {
			isa = PBXNativeTarget;
			buildConfigurationList = B6F069302D003596003FBCF3 /* Build configuration list for PBXNativeTarget "raku" */;
			buildPhases = (
				B6F069052D003594003FBCF3 /* Sources */,
				B6F069062D003594003FBCF3 /* Frameworks */,
				B6F069072D003594003FBCF3 /* Resources */,
			);
			buildRules = (
			);
			dependencies = (
			);
			name = raku;
			productName = raku;
			productReference = B6F069092D003594003FBCF3 /* raku.app */;
			productType = "com.apple.product-type.application";
		};
		B6F0691B2D003596003FBCF3 /* rakuTests */ = {
			isa = PBXNativeTarget;
			buildConfigurationList = B6F069332D003596003FBCF3 /* Build configuration list for PBXNativeTarget "rakuTests" */;
			buildPhases = (
				B6F069182D003596003FBCF3 /* Sources */,
				B6F069192D003596003FBCF3 /* Frameworks */,
				B6F0691A2D003596003FBCF3 /* Resources */,
			);
			buildRules = (
			);
			dependencies = (
				B6F0691E2D003596003FBCF3 /* PBXTargetDependency */,
			);
			name = rakuTests;
			productName = rakuTests;
			productReference = B6F0691C2D003596003FBCF3 /* rakuTests.xctest */;
			productType = "com.apple.product-type.bundle.unit-test";
		};
		B6F069252D003596003FBCF3 /* rakuUITests */ = {
			isa = PBXNativeTarget;
			buildConfigurationList = B6F069362D003596003FBCF3 /* Build configuration list for PBXNativeTarget "rakuUITests" */;
			buildPhases = (
				B6F069222D003596003FBCF3 /* Sources */,
				B6F069232D003596003FBCF3 /* Frameworks */,
				B6F069242D003596003FBCF3 /* Resources */,
			);
			buildRules = (
			);
			dependencies = (
				B6F069282D003596003FBCF3 /* PBXTargetDependency */,
			);
			name = rakuUITests;
			productName = rakuUITests;
			productReference = B6F069262D003596003FBCF3 /* rakuUITests.xctest */;
			productType = "com.apple.product-type.bundle.ui-testing";
		};
/* End PBXNativeTarget section */

/* Begin PBXProject section */
		B6F069012D003594003FBCF3 /* Project object */ = {
			isa = PBXProject;
			attributes = {
				BuildIndependentTargetsInParallel = 1;
				LastSwiftUpdateCheck = 1540;
				LastUpgradeCheck = 1540;
				TargetAttributes = {
					B6F069082D003594003FBCF3 = {
						CreatedOnToolsVersion = 15.4;
					};
					B6F0691B2D003596003FBCF3 = {
						CreatedOnToolsVersion = 15.4;
						TestTargetID = B6F069082D003594003FBCF3;
					};
					B6F069252D003596003FBCF3 = {
						CreatedOnToolsVersion = 15.4;
						TestTargetID = B6F069082D003594003FBCF3;
					};
				};
			};
			buildConfigurationList = B6F069042D003594003FBCF3 /* Build configuration list for PBXProject "raku" */;
			compatibilityVersion = "Xcode 14.0";
			developmentRegion = en;
			hasScannedForEncodings = 0;
			knownRegions = (
				en,
				Base,
			);
			mainGroup = B6F069002D003594003FBCF3;
			productRefGroup = B6F0690A2D003594003FBCF3 /* Products */;
			projectDirPath = "";
			projectRoot = "";
			targets = (
				B6F069082D003594003FBCF3 /* raku */,
				B6F0691B2D003596003FBCF3 /* rakuTests */,
				B6F069252D003596003FBCF3 /* rakuUITests */,
			);
		};
/* End PBXProject section */

/* Begin PBXResourcesBuildPhase section */
		B6F069072D003594003FBCF3 /* Resources */ = {
			isa = PBXResourcesBuildPhase;
			buildActionMask = 2147483647;
			files = (
				B6F069172D003595003FBCF3 /* Preview Assets.xcassets in Resources */,
				B6F069132D003595003FBCF3 /* Assets.xcassets in Resources */,
			);
			runOnlyForDeploymentPostprocessing = 0;
		};
		B6F0691A2D003596003FBCF3 /* Resources */ = {
			isa = PBXResourcesBuildPhase;
			buildActionMask = 2147483647;
			files = (
			);
			runOnlyForDeploymentPostprocessing = 0;
		};
		B6F069242D003596003FBCF3 /* Resources */ = {
			isa = PBXResourcesBuildPhase;
			buildActionMask = 2147483647;
			files = (
			);
			runOnlyForDeploymentPostprocessing = 0;
		};
/* End PBXResourcesBuildPhase section */

/* Begin PBXSourcesBuildPhase section */
		B6F069052D003594003FBCF3 /* Sources */ = {
			isa = PBXSourcesBuildPhase;
			buildActionMask = 2147483647;
			files = (
				B65B17022D0828040083440D /* RakuAPIManager.swift in Sources */,
				B65B16ED2D018E8A0083440D /* ProjectsView.swift in Sources */,
				B65B16E22D003C3E0083440D /* Commit.swift in Sources */,
				B65B17062D0847030083440D /* DaySquare.swift in Sources */,
				B65B16EF2D018EAF0083440D /* TodosView.swift in Sources */,
				B65B17142D1414390083440D /* CommitEditorView.swift in Sources */,
				B65B16F82D055F770083440D /* DateExtension.swift in Sources */,
				B65B170A2D0C4B420083440D /* CreateProjectSheetView.swift in Sources */,
				B6F0690F2D003594003FBCF3 /* ContentView.swift in Sources */,
				B65B17122D0C53710083440D /* ColorUtils.swift in Sources */,
				B65B17082D09A85A0083440D /* tester.swift in Sources */,
				B65B16E82D003F850083440D /* GraphSchemaV1.swift in Sources */,
				B65B16E42D003E280083440D /* Project.swift in Sources */,
				B65B16FC2D056B5E0083440D /* ContributionGridView.swift in Sources */,
				B65B16F42D02EACA0083440D /* ColorConstants.swift in Sources */,
				B65B16F12D02E6540083440D /* ProjectView.swift in Sources */,
				B6F0690D2D003594003FBCF3 /* rakuApp.swift in Sources */,
				B65B16F62D0552F20083440D /* PreviewContainer.swift in Sources */,
			);
			runOnlyForDeploymentPostprocessing = 0;
		};
		B6F069182D003596003FBCF3 /* Sources */ = {
			isa = PBXSourcesBuildPhase;
			buildActionMask = 2147483647;
			files = (
				B6F069212D003596003FBCF3 /* rakuTests.swift in Sources */,
				B65B17042D082B310083440D /* RakuAPIManagerTests.swift in Sources */,
			);
			runOnlyForDeploymentPostprocessing = 0;
		};
		B6F069222D003596003FBCF3 /* Sources */ = {
			isa = PBXSourcesBuildPhase;
			buildActionMask = 2147483647;
			files = (
				B6F0692B2D003596003FBCF3 /* rakuUITests.swift in Sources */,
				B6F0692D2D003596003FBCF3 /* rakuUITestsLaunchTests.swift in Sources */,
			);
			runOnlyForDeploymentPostprocessing = 0;
		};
/* End PBXSourcesBuildPhase section */

/* Begin PBXTargetDependency section */
		B6F0691E2D003596003FBCF3 /* PBXTargetDependency */ = {
			isa = PBXTargetDependency;
			target = B6F069082D003594003FBCF3 /* raku */;
			targetProxy = B6F0691D2D003596003FBCF3 /* PBXContainerItemProxy */;
		};
		B6F069282D003596003FBCF3 /* PBXTargetDependency */ = {
			isa = PBXTargetDependency;
			target = B6F069082D003594003FBCF3 /* raku */;
			targetProxy = B6F069272D003596003FBCF3 /* PBXContainerItemProxy */;
		};
/* End PBXTargetDependency section */

/* Begin XCBuildConfiguration section */
		B6F0692E2D003596003FBCF3 /* Debug */ = {
			isa = XCBuildConfiguration;
			buildSettings = {
				ALWAYS_SEARCH_USER_PATHS = NO;
				ASSETCATALOG_COMPILER_GENERATE_SWIFT_ASSET_SYMBOL_EXTENSIONS = YES;
				CLANG_ANALYZER_NONNULL = YES;
				CLANG_ANALYZER_NUMBER_OBJECT_CONVERSION = YES_AGGRESSIVE;
				CLANG_CXX_LANGUAGE_STANDARD = "gnu++20";
				CLANG_ENABLE_MODULES = YES;
				CLANG_ENABLE_OBJC_ARC = YES;
				CLANG_ENABLE_OBJC_WEAK = YES;
				CLANG_WARN_BLOCK_CAPTURE_AUTORELEASING = YES;
				CLANG_WARN_BOOL_CONVERSION = YES;
				CLANG_WARN_COMMA = YES;
				CLANG_WARN_CONSTANT_CONVERSION = YES;
				CLANG_WARN_DEPRECATED_OBJC_IMPLEMENTATIONS = YES;
				CLANG_WARN_DIRECT_OBJC_ISA_USAGE = YES_ERROR;
				CLANG_WARN_DOCUMENTATION_COMMENTS = YES;
				CLANG_WARN_EMPTY_BODY = YES;
				CLANG_WARN_ENUM_CONVERSION = YES;
				CLANG_WARN_INFINITE_RECURSION = YES;
				CLANG_WARN_INT_CONVERSION = YES;
				CLANG_WARN_NON_LITERAL_NULL_CONVERSION = YES;
				CLANG_WARN_OBJC_IMPLICIT_RETAIN_SELF = YES;
				CLANG_WARN_OBJC_LITERAL_CONVERSION = YES;
				CLANG_WARN_OBJC_ROOT_CLASS = YES_ERROR;
				CLANG_WARN_QUOTED_INCLUDE_IN_FRAMEWORK_HEADER = YES;
				CLANG_WARN_RANGE_LOOP_ANALYSIS = YES;
				CLANG_WARN_STRICT_PROTOTYPES = YES;
				CLANG_WARN_SUSPICIOUS_MOVE = YES;
				CLANG_WARN_UNGUARDED_AVAILABILITY = YES_AGGRESSIVE;
				CLANG_WARN_UNREACHABLE_CODE = YES;
				CLANG_WARN__DUPLICATE_METHOD_MATCH = YES;
				COPY_PHASE_STRIP = NO;
				DEBUG_INFORMATION_FORMAT = dwarf;
				ENABLE_STRICT_OBJC_MSGSEND = YES;
				ENABLE_TESTABILITY = YES;
				ENABLE_USER_SCRIPT_SANDBOXING = YES;
				GCC_C_LANGUAGE_STANDARD = gnu17;
				GCC_DYNAMIC_NO_PIC = NO;
				GCC_NO_COMMON_BLOCKS = YES;
				GCC_OPTIMIZATION_LEVEL = 0;
				GCC_PREPROCESSOR_DEFINITIONS = (
					"DEBUG=1",
					"$(inherited)",
				);
				GCC_WARN_64_TO_32_BIT_CONVERSION = YES;
				GCC_WARN_ABOUT_RETURN_TYPE = YES_ERROR;
				GCC_WARN_UNDECLARED_SELECTOR = YES;
				GCC_WARN_UNINITIALIZED_AUTOS = YES_AGGRESSIVE;
				GCC_WARN_UNUSED_FUNCTION = YES;
				GCC_WARN_UNUSED_VARIABLE = YES;
				LOCALIZATION_PREFERS_STRING_CATALOGS = YES;
				MTL_ENABLE_DEBUG_INFO = INCLUDE_SOURCE;
				MTL_FAST_MATH = YES;
				ONLY_ACTIVE_ARCH = YES;
				SWIFT_ACTIVE_COMPILATION_CONDITIONS = "DEBUG $(inherited)";
				SWIFT_OPTIMIZATION_LEVEL = "-Onone";
			};
			name = Debug;
		};
		B6F0692F2D003596003FBCF3 /* Release */ = {
			isa = XCBuildConfiguration;
			buildSettings = {
				ALWAYS_SEARCH_USER_PATHS = NO;
				ASSETCATALOG_COMPILER_GENERATE_SWIFT_ASSET_SYMBOL_EXTENSIONS = YES;
				CLANG_ANALYZER_NONNULL = YES;
				CLANG_ANALYZER_NUMBER_OBJECT_CONVERSION = YES_AGGRESSIVE;
				CLANG_CXX_LANGUAGE_STANDARD = "gnu++20";
				CLANG_ENABLE_MODULES = YES;
				CLANG_ENABLE_OBJC_ARC = YES;
				CLANG_ENABLE_OBJC_WEAK = YES;
				CLANG_WARN_BLOCK_CAPTURE_AUTORELEASING = YES;
				CLANG_WARN_BOOL_CONVERSION = YES;
				CLANG_WARN_COMMA = YES;
				CLANG_WARN_CONSTANT_CONVERSION = YES;
				CLANG_WARN_DEPRECATED_OBJC_IMPLEMENTATIONS = YES;
				CLANG_WARN_DIRECT_OBJC_ISA_USAGE = YES_ERROR;
				CLANG_WARN_DOCUMENTATION_COMMENTS = YES;
				CLANG_WARN_EMPTY_BODY = YES;
				CLANG_WARN_ENUM_CONVERSION = YES;
				CLANG_WARN_INFINITE_RECURSION = YES;
				CLANG_WARN_INT_CONVERSION = YES;
				CLANG_WARN_NON_LITERAL_NULL_CONVERSION = YES;
				CLANG_WARN_OBJC_IMPLICIT_RETAIN_SELF = YES;
				CLANG_WARN_OBJC_LITERAL_CONVERSION = YES;
				CLANG_WARN_OBJC_ROOT_CLASS = YES_ERROR;
				CLANG_WARN_QUOTED_INCLUDE_IN_FRAMEWORK_HEADER = YES;
				CLANG_WARN_RANGE_LOOP_ANALYSIS = YES;
				CLANG_WARN_STRICT_PROTOTYPES = YES;
				CLANG_WARN_SUSPICIOUS_MOVE = YES;
				CLANG_WARN_UNGUARDED_AVAILABILITY = YES_AGGRESSIVE;
				CLANG_WARN_UNREACHABLE_CODE = YES;
				CLANG_WARN__DUPLICATE_METHOD_MATCH = YES;
				COPY_PHASE_STRIP = NO;
				DEBUG_INFORMATION_FORMAT = "dwarf-with-dsym";
				ENABLE_NS_ASSERTIONS = NO;
				ENABLE_STRICT_OBJC_MSGSEND = YES;
				ENABLE_USER_SCRIPT_SANDBOXING = YES;
				GCC_C_LANGUAGE_STANDARD = gnu17;
				GCC_NO_COMMON_BLOCKS = YES;
				GCC_WARN_64_TO_32_BIT_CONVERSION = YES;
				GCC_WARN_ABOUT_RETURN_TYPE = YES_ERROR;
				GCC_WARN_UNDECLARED_SELECTOR = YES;
				GCC_WARN_UNINITIALIZED_AUTOS = YES_AGGRESSIVE;
				GCC_WARN_UNUSED_FUNCTION = YES;
				GCC_WARN_UNUSED_VARIABLE = YES;
				LOCALIZATION_PREFERS_STRING_CATALOGS = YES;
				MTL_ENABLE_DEBUG_INFO = NO;
				MTL_FAST_MATH = YES;
				SWIFT_COMPILATION_MODE = wholemodule;
			};
			name = Release;
		};
		B6F069312D003596003FBCF3 /* Debug */ = {
			isa = XCBuildConfiguration;
			buildSettings = {
				ASSETCATALOG_COMPILER_APPICON_NAME = AppIcon;
				ASSETCATALOG_COMPILER_GLOBAL_ACCENT_COLOR_NAME = AccentColor;
				CODE_SIGN_ENTITLEMENTS = raku/raku.entitlements;
				CODE_SIGN_STYLE = Automatic;
				CURRENT_PROJECT_VERSION = 1;
				DEVELOPMENT_ASSET_PATHS = "\"raku/Preview Content\"";
				DEVELOPMENT_TEAM = 4FF97FVLA5;
				ENABLE_HARDENED_RUNTIME = YES;
				ENABLE_PREVIEWS = YES;
				GENERATE_INFOPLIST_FILE = YES;
				"INFOPLIST_KEY_UIApplicationSceneManifest_Generation[sdk=iphoneos*]" = YES;
				"INFOPLIST_KEY_UIApplicationSceneManifest_Generation[sdk=iphonesimulator*]" = YES;
				"INFOPLIST_KEY_UIApplicationSupportsIndirectInputEvents[sdk=iphoneos*]" = YES;
				"INFOPLIST_KEY_UIApplicationSupportsIndirectInputEvents[sdk=iphonesimulator*]" = YES;
				"INFOPLIST_KEY_UILaunchScreen_Generation[sdk=iphoneos*]" = YES;
				"INFOPLIST_KEY_UILaunchScreen_Generation[sdk=iphonesimulator*]" = YES;
				"INFOPLIST_KEY_UIStatusBarStyle[sdk=iphoneos*]" = UIStatusBarStyleDefault;
				"INFOPLIST_KEY_UIStatusBarStyle[sdk=iphonesimulator*]" = UIStatusBarStyleDefault;
				INFOPLIST_KEY_UISupportedInterfaceOrientations_iPad = "UIInterfaceOrientationPortrait UIInterfaceOrientationPortraitUpsideDown UIInterfaceOrientationLandscapeLeft UIInterfaceOrientationLandscapeRight";
				INFOPLIST_KEY_UISupportedInterfaceOrientations_iPhone = "UIInterfaceOrientationPortrait UIInterfaceOrientationLandscapeLeft UIInterfaceOrientationLandscapeRight";
				IPHONEOS_DEPLOYMENT_TARGET = 17.0;
				LD_RUNPATH_SEARCH_PATHS = "@executable_path/Frameworks";
				"LD_RUNPATH_SEARCH_PATHS[sdk=macosx*]" = "@executable_path/../Frameworks";
				MACOSX_DEPLOYMENT_TARGET = 14.0;
				MARKETING_VERSION = 1.0;
				PRODUCT_BUNDLE_IDENTIFIER = xyz.anish.raku;
				PRODUCT_NAME = "$(TARGET_NAME)";
				SDKROOT = auto;
				SUPPORTED_PLATFORMS = "iphoneos iphonesimulator macosx";
				SWIFT_EMIT_LOC_STRINGS = YES;
				SWIFT_VERSION = 5.0;
				TARGETED_DEVICE_FAMILY = "1,2";
			};
			name = Debug;
		};
		B6F069322D003596003FBCF3 /* Release */ = {
			isa = XCBuildConfiguration;
			buildSettings = {
				ASSETCATALOG_COMPILER_APPICON_NAME = AppIcon;
				ASSETCATALOG_COMPILER_GLOBAL_ACCENT_COLOR_NAME = AccentColor;
				CODE_SIGN_ENTITLEMENTS = raku/raku.entitlements;
				CODE_SIGN_STYLE = Automatic;
				CURRENT_PROJECT_VERSION = 1;
				DEVELOPMENT_ASSET_PATHS = "\"raku/Preview Content\"";
				DEVELOPMENT_TEAM = 4FF97FVLA5;
				ENABLE_HARDENED_RUNTIME = YES;
				ENABLE_PREVIEWS = YES;
				GENERATE_INFOPLIST_FILE = YES;
				"INFOPLIST_KEY_UIApplicationSceneManifest_Generation[sdk=iphoneos*]" = YES;
				"INFOPLIST_KEY_UIApplicationSceneManifest_Generation[sdk=iphonesimulator*]" = YES;
				"INFOPLIST_KEY_UIApplicationSupportsIndirectInputEvents[sdk=iphoneos*]" = YES;
				"INFOPLIST_KEY_UIApplicationSupportsIndirectInputEvents[sdk=iphonesimulator*]" = YES;
				"INFOPLIST_KEY_UILaunchScreen_Generation[sdk=iphoneos*]" = YES;
				"INFOPLIST_KEY_UILaunchScreen_Generation[sdk=iphonesimulator*]" = YES;
				"INFOPLIST_KEY_UIStatusBarStyle[sdk=iphoneos*]" = UIStatusBarStyleDefault;
				"INFOPLIST_KEY_UIStatusBarStyle[sdk=iphonesimulator*]" = UIStatusBarStyleDefault;
				INFOPLIST_KEY_UISupportedInterfaceOrientations_iPad = "UIInterfaceOrientationPortrait UIInterfaceOrientationPortraitUpsideDown UIInterfaceOrientationLandscapeLeft UIInterfaceOrientationLandscapeRight";
				INFOPLIST_KEY_UISupportedInterfaceOrientations_iPhone = "UIInterfaceOrientationPortrait UIInterfaceOrientationLandscapeLeft UIInterfaceOrientationLandscapeRight";
				IPHONEOS_DEPLOYMENT_TARGET = 17.0;
				LD_RUNPATH_SEARCH_PATHS = "@executable_path/Frameworks";
				"LD_RUNPATH_SEARCH_PATHS[sdk=macosx*]" = "@executable_path/../Frameworks";
				MACOSX_DEPLOYMENT_TARGET = 14.0;
				MARKETING_VERSION = 1.0;
				PRODUCT_BUNDLE_IDENTIFIER = xyz.anish.raku;
				PRODUCT_NAME = "$(TARGET_NAME)";
				SDKROOT = auto;
				SUPPORTED_PLATFORMS = "iphoneos iphonesimulator macosx";
				SWIFT_EMIT_LOC_STRINGS = YES;
				SWIFT_VERSION = 5.0;
				TARGETED_DEVICE_FAMILY = "1,2";
			};
			name = Release;
		};
		B6F069342D003596003FBCF3 /* Debug */ = {
			isa = XCBuildConfiguration;
			buildSettings = {
				ALWAYS_EMBED_SWIFT_STANDARD_LIBRARIES = YES;
				BUNDLE_LOADER = "$(TEST_HOST)";
				CODE_SIGN_STYLE = Automatic;
				CURRENT_PROJECT_VERSION = 1;
				DEVELOPMENT_TEAM = 4FF97FVLA5;
				GENERATE_INFOPLIST_FILE = YES;
				IPHONEOS_DEPLOYMENT_TARGET = 17.5;
				MACOSX_DEPLOYMENT_TARGET = 14.4;
				MARKETING_VERSION = 1.0;
				PRODUCT_BUNDLE_IDENTIFIER = xyz.anish.rakuTests;
				PRODUCT_NAME = "$(TARGET_NAME)";
				SDKROOT = auto;
				SUPPORTED_PLATFORMS = "iphoneos iphonesimulator macosx";
				SWIFT_EMIT_LOC_STRINGS = NO;
				SWIFT_VERSION = 5.0;
				TARGETED_DEVICE_FAMILY = "1,2";
				TEST_HOST = "$(BUILT_PRODUCTS_DIR)/raku.app/$(BUNDLE_EXECUTABLE_FOLDER_PATH)/raku";
			};
			name = Debug;
		};
		B6F069352D003596003FBCF3 /* Release */ = {
			isa = XCBuildConfiguration;
			buildSettings = {
				ALWAYS_EMBED_SWIFT_STANDARD_LIBRARIES = YES;
				BUNDLE_LOADER = "$(TEST_HOST)";
				CODE_SIGN_STYLE = Automatic;
				CURRENT_PROJECT_VERSION = 1;
				DEVELOPMENT_TEAM = 4FF97FVLA5;
				GENERATE_INFOPLIST_FILE = YES;
				IPHONEOS_DEPLOYMENT_TARGET = 17.5;
				MACOSX_DEPLOYMENT_TARGET = 14.4;
				MARKETING_VERSION = 1.0;
				PRODUCT_BUNDLE_IDENTIFIER = xyz.anish.rakuTests;
				PRODUCT_NAME = "$(TARGET_NAME)";
				SDKROOT = auto;
				SUPPORTED_PLATFORMS = "iphoneos iphonesimulator macosx";
				SWIFT_EMIT_LOC_STRINGS = NO;
				SWIFT_VERSION = 5.0;
				TARGETED_DEVICE_FAMILY = "1,2";
				TEST_HOST = "$(BUILT_PRODUCTS_DIR)/raku.app/$(BUNDLE_EXECUTABLE_FOLDER_PATH)/raku";
			};
			name = Release;
		};
		B6F069372D003596003FBCF3 /* Debug */ = {
			isa = XCBuildConfiguration;
			buildSettings = {
				ALWAYS_EMBED_SWIFT_STANDARD_LIBRARIES = YES;
				CODE_SIGN_STYLE = Automatic;
				CURRENT_PROJECT_VERSION = 1;
				DEVELOPMENT_TEAM = 4FF97FVLA5;
				GENERATE_INFOPLIST_FILE = YES;
				IPHONEOS_DEPLOYMENT_TARGET = 17.5;
				MACOSX_DEPLOYMENT_TARGET = 14.4;
				MARKETING_VERSION = 1.0;
				PRODUCT_BUNDLE_IDENTIFIER = xyz.anish.rakuUITests;
				PRODUCT_NAME = "$(TARGET_NAME)";
				SDKROOT = auto;
				SUPPORTED_PLATFORMS = "iphoneos iphonesimulator macosx";
				SWIFT_EMIT_LOC_STRINGS = NO;
				SWIFT_VERSION = 5.0;
				TARGETED_DEVICE_FAMILY = "1,2";
				TEST_TARGET_NAME = raku;
			};
			name = Debug;
		};
		B6F069382D003596003FBCF3 /* Release */ = {
			isa = XCBuildConfiguration;
			buildSettings = {
				ALWAYS_EMBED_SWIFT_STANDARD_LIBRARIES = YES;
				CODE_SIGN_STYLE = Automatic;
				CURRENT_PROJECT_VERSION = 1;
				DEVELOPMENT_TEAM = 4FF97FVLA5;
				GENERATE_INFOPLIST_FILE = YES;
				IPHONEOS_DEPLOYMENT_TARGET = 17.5;
				MACOSX_DEPLOYMENT_TARGET = 14.4;
				MARKETING_VERSION = 1.0;
				PRODUCT_BUNDLE_IDENTIFIER = xyz.anish.rakuUITests;
				PRODUCT_NAME = "$(TARGET_NAME)";
				SDKROOT = auto;
				SUPPORTED_PLATFORMS = "iphoneos iphonesimulator macosx";
				SWIFT_EMIT_LOC_STRINGS = NO;
				SWIFT_VERSION = 5.0;
				TARGETED_DEVICE_FAMILY = "1,2";
				TEST_TARGET_NAME = raku;
			};
			name = Release;
		};
/* End XCBuildConfiguration section */

/* Begin XCConfigurationList section */
		B6F069042D003594003FBCF3 /* Build configuration list for PBXProject "raku" */ = {
			isa = XCConfigurationList;
			buildConfigurations = (
				B6F0692E2D003596003FBCF3 /* Debug */,
				B6F0692F2D003596003FBCF3 /* Release */,
			);
			defaultConfigurationIsVisible = 0;
			defaultConfigurationName = Release;
		};
		B6F069302D003596003FBCF3 /* Build configuration list for PBXNativeTarget "raku" */ = {
			isa = XCConfigurationList;
			buildConfigurations = (
				B6F069312D003596003FBCF3 /* Debug */,
				B6F069322D003596003FBCF3 /* Release */,
			);
			defaultConfigurationIsVisible = 0;
			defaultConfigurationName = Release;
		};
		B6F069332D003596003FBCF3 /* Build configuration list for PBXNativeTarget "rakuTests" */ = {
			isa = XCConfigurationList;
			buildConfigurations = (
				B6F069342D003596003FBCF3 /* Debug */,
				B6F069352D003596003FBCF3 /* Release */,
			);
			defaultConfigurationIsVisible = 0;
			defaultConfigurationName = Release;
		};
		B6F069362D003596003FBCF3 /* Build configuration list for PBXNativeTarget "rakuUITests" */ = {
			isa = XCConfigurationList;
			buildConfigurations = (
				B6F069372D003596003FBCF3 /* Debug */,
				B6F069382D003596003FBCF3 /* Release */,
			);
			defaultConfigurationIsVisible = 0;
			defaultConfigurationName = Release;
		};
/* End XCConfigurationList section */
	};
	rootObject = B6F069012D003594003FBCF3 /* Project object */;
}
